
Microsoft Visual Studio Solution File, Format Version 12.00
# Visual Studio Version 16
VisualStudioVersion = 16.0.30413.136
MinimumVisualStudioVersion = 10.0.40219.1
Project("{9A19103F-16F7-4668-BE54-9A1E7A4F7556}") = "AnimalSpawn.Infraestructure", "AnimalSpawn.Infraestructure\AnimalSpawn.Infraestructure.csproj", "{BD224EFF-8C06-4BF6-832C-77B2CB9CECC7}"
EndProject
Project("{9A19103F-16F7-4668-BE54-9A1E7A4F7556}") = "AnimalSpawn.Api", "AnimalSpawn.Api\AnimalSpawn.Api.csproj", "{0F42B314-F362-4ACD-9CCB-E703EA37824A}"
EndProject
Project("{9A19103F-16F7-4668-BE54-9A1E7A4F7556}") = "AnimalSpawn.Domain", "AnimalSpawn.Domain\AnimalSpawn.Domain.csproj", "{5D807E9B-8E19-4B73-89C5-9F5BC91E3B88}"
EndProject
Project("{FAE04EC0-301F-11D3-BF4B-00C04F79EFBC}") = "AnimalSpawn.Application", "AnimalSpawn.Application\AnimalSpawn.Application.csproj", "{0D544F5A-39BF-4B38-8EED-54FE47071EE5}"
EndProject
Global
	GlobalSection(SolutionConfigurationPlatforms) = preSolution
		Debug|Any CPU = Debug|Any CPU
		Release|Any CPU = Release|Any CPU
	EndGlobalSection
	GlobalSection(ProjectConfigurationPlatforms) = postSolution
		{BD224EFF-8C06-4BF6-832C-77B2CB9CECC7}.Debug|Any CPU.ActiveCfg = Debug|Any CPU
		{BD224EFF-8C06-4BF6-832C-77B2CB9CECC7}.Debug|Any CPU.Build.0 = Debug|Any CPU
		{BD224EFF-8C06-4BF6-832C-77B2CB9CECC7}.Release|Any CPU.ActiveCfg = Release|Any CPU
		{BD224EFF-8C06-4BF6-832C-77B2CB9CECC7}.Release|Any CPU.Build.0 = Release|Any CPU
		{0F42B314-F362-4ACD-9CCB-E703EA37824A}.Debug|Any CPU.ActiveCfg = Debug|Any CPU
		{0F42B314-F362-4ACD-9CCB-E703EA37824A}.Debug|Any CPU.Build.0 = Debug|Any CPU
		{0F42B314-F362-4ACD-9CCB-E703EA37824A}.Release|Any CPU.ActiveCfg = Release|Any CPU
		{0F42B314-F362-4ACD-9CCB-E703EA37824A}.Release|Any CPU.Build.0 = Release|Any CPU
		{5D807E9B-8E19-4B73-89C5-9F5BC91E3B88}.Debug|Any CPU.ActiveCfg = Debug|Any CPU
		{5D807E9B-8E19-4B73-89C5-9F5BC91E3B88}.Debug|Any CPU.Build.0 = Debug|Any CPU
		{5D807E9B-8E19-4B73-89C5-9F5BC91E3B88}.Release|Any CPU.ActiveCfg = Release|Any CPU
		{5D807E9B-8E19-4B73-89C5-9F5BC91E3B88}.Release|Any CPU.Build.0 = Release|Any CPU
		{0D544F5A-39BF-4B38-8EED-54FE47071EE5}.Debug|Any CPU.ActiveCfg = Debug|Any CPU
		{0D544F5A-39BF-4B38-8EED-54FE47071EE5}.Debug|Any CPU.Build.0 = Debug|Any CPU
		{0D544F5A-39BF-4B38-8EED-54FE47071EE5}.Release|Any CPU.ActiveCfg = Release|Any CPU
		{0D544F5A-39BF-4B38-8EED-54FE47071EE5}.Release|Any CPU.Build.0 = Release|Any CPU
	EndGlobalSection
	GlobalSection(SolutionProperties) = preSolution
		HideSolutionNode = FALSE
	EndGlobalSection
	GlobalSection(ExtensibilityGlobals) = postSolution
		SolutionGuid = {64CABBAD-763F-48FF-82BD-C2B25915B123}
	EndGlobalSection
EndGlobal
